dependencies:
- name: chartlib
  repository: https://instantlinux.github.io/docker-tools
  version: 0.1.6
- name: worker
  repository: file://subcharts/worker
  version: 0.1.0
- name: worker
  repository: file://subcharts/worker
  version: 0.1.0
digest: sha256:b66261c62e1b23e28d4d8b7d6e60b2944793cd3a88ecbe9c3f776d774d68f4b6
generated: "2021-08-21T16:22:14.461121762-07:00"
