dependencies:
- name: chartlib
  repository: https://instantlinux.github.io/docker-tools
  version: 0.1.6
- name: mariadb
  repository: file://subcharts/mariadb
  version: 0.1.0
- name: prometheus
  repository: file://subcharts/prometheus
  version: 0.1.0
- name: redis
  repository: file://subcharts/redis
  version: 0.1.0
- name: rmq
  repository: file://subcharts/rmq
  version: 0.1.0
digest: sha256:0d6f8291998c5ff796f801cfc06b02fb0c185c4fab6e2a583e422a0e2c16414d
generated: "2021-08-20T18:22:21.410731194-07:00"
