dependencies:
- name: chartlib
  repository: https://instantlinux.github.io/docker-tools
  version: 0.1.6
- name: api
  repository: file://subcharts/api
  version: 0.1.0
- name: media
  repository: file://subcharts/media
  version: 0.1.0
digest: sha256:a094f4578e321ce4d8ae430b82bcb19978b393e29861c62b841300343a255b3f
generated: "2021-08-21T20:01:07.132793409-07:00"
